
Microsoft Visual Studio Solution File, Format Version 12.00
# Visual Studio Version 16
VisualStudioVersion = 16.0.28803.202
MinimumVisualStudioVersion = 10.0.40219.1
Project("{9A19103F-16F7-4668-BE54-9A1E7A4F7556}") = "PE3", "PE3\PE3.csproj", "{FF517BD8-1B8C-4D35-923C-E4F8F76CA1F2}"
EndProject
Global
	GlobalSection(SolutionConfigurationPlatforms) = preSolution
		Debug|Any CPU = Debug|Any CPU
		Release|Any CPU = Release|Any CPU
	EndGlobalSection
	GlobalSection(ProjectConfigurationPlatforms) = postSolution
		{FF517BD8-1B8C-4D35-923C-E4F8F76CA1F2}.Debug|Any CPU.ActiveCfg = Debug|Any CPU
		{FF517BD8-1B8C-4D35-923C-E4F8F76CA1F2}.Debug|Any CPU.Build.0 = Debug|Any CPU
		{FF517BD8-1B8C-4D35-923C-E4F8F76CA1F2}.Release|Any CPU.ActiveCfg = Release|Any CPU
		{FF517BD8-1B8C-4D35-923C-E4F8F76CA1F2}.Release|Any CPU.Build.0 = Release|Any CPU
	EndGlobalSection
	GlobalSection(SolutionProperties) = preSolution
		HideSolutionNode = FALSE
	EndGlobalSection
	GlobalSection(ExtensibilityGlobals) = postSolution
		SolutionGuid = {6D0C5E8D-D6C8-4F3B-9AD9-74E83AC6FB4F}
	EndGlobalSection
EndGlobal
